
Microsoft Visual Studio Solution File, Format Version 12.00
# Visual Studio Version 16
VisualStudioVersion = 16.0.30621.155
MinimumVisualStudioVersion = 10.0.40219.1
Project("{FAE04EC0-301F-11D3-BF4B-00C04F79EFBC}") = "ASP NET CORE DOCKER API", "ASP NET CORE DOCKER API\ASP NET CORE DOCKER API.csproj", "{482AA4A1-46C1-4A91-8E6B-0530C6CB5B3C}"
EndProject
Global
	GlobalSection(SolutionConfigurationPlatforms) = preSolution
		Debug|Any CPU = Debug|Any CPU
		Release|Any CPU = Release|Any CPU
	EndGlobalSection
	GlobalSection(ProjectConfigurationPlatforms) = postSolution
		{482AA4A1-46C1-4A91-8E6B-0530C6CB5B3C}.Debug|Any CPU.ActiveCfg = Debug|Any CPU
		{482AA4A1-46C1-4A91-8E6B-0530C6CB5B3C}.Debug|Any CPU.Build.0 = Debug|Any CPU
		{482AA4A1-46C1-4A91-8E6B-0530C6CB5B3C}.Release|Any CPU.ActiveCfg = Release|Any CPU
		{482AA4A1-46C1-4A91-8E6B-0530C6CB5B3C}.Release|Any CPU.Build.0 = Release|Any CPU
	EndGlobalSection
	GlobalSection(SolutionProperties) = preSolution
		HideSolutionNode = FALSE
	EndGlobalSection
	GlobalSection(ExtensibilityGlobals) = postSolution
		SolutionGuid = {42DBF28D-8638-4F47-9237-EA47F452AC98}
	EndGlobalSection
EndGlobal
